
Microsoft Visual Studio Solution File, Format Version 12.00
# Visual Studio Version 16
VisualStudioVersion = 16.0.32002.261
MinimumVisualStudioVersion = 10.0.40219.1
Project("{FAE04EC0-301F-11D3-BF4B-00C04F79EFBC}") = "StentAdmissionManagement", "StentAdmissionManagement\StentAdmissionManagement.csproj", "{5A610653-6CB1-455E-B5FA-0A514AEA4FCD}"
EndProject
Project("{FAE04EC0-301F-11D3-BF4B-00C04F79EFBC}") = "StudentAttendanceManagment", "StudentAttendanceManagment\StudentAttendanceManagment.csproj", "{42321117-B3B7-4687-A0F6-F25225420CFA}"
EndProject
Project("{FAE04EC0-301F-11D3-BF4B-00C04F79EFBC}") = "SchoolApiGetaway", "SchoolApiGetaway\SchoolApiGetaway.csproj", "{30F5D7AB-A6E2-4D8C-88BF-5C82FDD76C26}"
EndProject
Global
	GlobalSection(SolutionConfigurationPlatforms) = preSolution
		Debug|Any CPU = Debug|Any CPU
		Release|Any CPU = Release|Any CPU
	EndGlobalSection
	GlobalSection(ProjectConfigurationPlatforms) = postSolution
		{5A610653-6CB1-455E-B5FA-0A514AEA4FCD}.Debug|Any CPU.ActiveCfg = Debug|Any CPU
		{5A610653-6CB1-455E-B5FA-0A514AEA4FCD}.Debug|Any CPU.Build.0 = Debug|Any CPU
		{5A610653-6CB1-455E-B5FA-0A514AEA4FCD}.Release|Any CPU.ActiveCfg = Release|Any CPU
		{5A610653-6CB1-455E-B5FA-0A514AEA4FCD}.Release|Any CPU.Build.0 = Release|Any CPU
		{42321117-B3B7-4687-A0F6-F25225420CFA}.Debug|Any CPU.ActiveCfg = Debug|Any CPU
		{42321117-B3B7-4687-A0F6-F25225420CFA}.Debug|Any CPU.Build.0 = Debug|Any CPU
		{42321117-B3B7-4687-A0F6-F25225420CFA}.Release|Any CPU.ActiveCfg = Release|Any CPU
		{42321117-B3B7-4687-A0F6-F25225420CFA}.Release|Any CPU.Build.0 = Release|Any CPU
		{30F5D7AB-A6E2-4D8C-88BF-5C82FDD76C26}.Debug|Any CPU.ActiveCfg = Debug|Any CPU
		{30F5D7AB-A6E2-4D8C-88BF-5C82FDD76C26}.Debug|Any CPU.Build.0 = Debug|Any CPU
		{30F5D7AB-A6E2-4D8C-88BF-5C82FDD76C26}.Release|Any CPU.ActiveCfg = Release|Any CPU
		{30F5D7AB-A6E2-4D8C-88BF-5C82FDD76C26}.Release|Any CPU.Build.0 = Release|Any CPU
	EndGlobalSection
	GlobalSection(SolutionProperties) = preSolution
		HideSolutionNode = FALSE
	EndGlobalSection
	GlobalSection(ExtensibilityGlobals) = postSolution
		SolutionGuid = {E419E285-D1D1-4303-A910-CC8C4D8DACC5}
	EndGlobalSection
EndGlobal
